
Microsoft Visual Studio Solution File, Format Version 12.00
# Visual Studio Version 17
VisualStudioVersion = 17.12.35707.178 d17.12
MinimumVisualStudioVersion = 10.0.40219.1
Project("{FAE04EC0-301F-11D3-BF4B-00C04F79EFBC}") = "ListaDeExercicios.Exercicio01", "ListaDeExercicios.Exercicio01\ListaDeExercicios.Exercicio01.csproj", "{E9292F3A-E0B4-435F-A6C3-4AC164EB2710}"
EndProject
Project("{FAE04EC0-301F-11D3-BF4B-00C04F79EFBC}") = "ListaDeExercicios.Exercicio02", "ListaDeExercicios.Exercicio02\ListaDeExercicios.Exercicio02.csproj", "{4E4631CA-D87E-4CC8-A792-2F8B6CC731EB}"
EndProject
Project("{FAE04EC0-301F-11D3-BF4B-00C04F79EFBC}") = "ListaDeExercicios.Exercicio03", "ListaDeExercicios.Exercicio03\ListaDeExercicios.Exercicio03.csproj", "{BF245EC2-8BFD-40DE-AB49-99D384EB65CE}"
EndProject
Project("{FAE04EC0-301F-11D3-BF4B-00C04F79EFBC}") = "ListaDeExercicios.Exercicio04", "ListaDeExercicios.Exercicio04\ListaDeExercicios.Exercicio04.csproj", "{E0AE76B8-889D-41B4-89B0-01EE91870983}"
EndProject
Project("{FAE04EC0-301F-11D3-BF4B-00C04F79EFBC}") = "ListaDeExercicios.Exercicio05", "ListaDeExercicios.Exercicio05\ListaDeExercicios.Exercicio05.csproj", "{D5E321B3-6524-483A-AB21-8F78B030C51D}"
EndProject
Project("{FAE04EC0-301F-11D3-BF4B-00C04F79EFBC}") = "ListaDeExercicios.Exercicio06", "ListaDeExercicios.Exercicio06\ListaDeExercicios.Exercicio06.csproj", "{7B8C745F-AA50-400A-99B3-BD483AC4460C}"
EndProject
Project("{FAE04EC0-301F-11D3-BF4B-00C04F79EFBC}") = "ListaDeExercicios.Exercicio07", "ListaDeExercicios.Exercicio07\ListaDeExercicios.Exercicio07.csproj", "{30BA9323-B5AE-4385-9F04-9C5C9D514386}"
EndProject
Project("{FAE04EC0-301F-11D3-BF4B-00C04F79EFBC}") = "ListaDeExercicios.Exercicio08", "ListaDeExercicios.Exercicio08\ListaDeExercicios.Exercicio08.csproj", "{FB723248-5C90-4934-A9DF-A92336180CDB}"
EndProject
Global
	GlobalSection(SolutionConfigurationPlatforms) = preSolution
		Debug|Any CPU = Debug|Any CPU
		Release|Any CPU = Release|Any CPU
	EndGlobalSection
	GlobalSection(ProjectConfigurationPlatforms) = postSolution
		{E9292F3A-E0B4-435F-A6C3-4AC164EB2710}.Debug|Any CPU.ActiveCfg = Debug|Any CPU
		{E9292F3A-E0B4-435F-A6C3-4AC164EB2710}.Debug|Any CPU.Build.0 = Debug|Any CPU
		{E9292F3A-E0B4-435F-A6C3-4AC164EB2710}.Release|Any CPU.ActiveCfg = Release|Any CPU
		{E9292F3A-E0B4-435F-A6C3-4AC164EB2710}.Release|Any CPU.Build.0 = Release|Any CPU
		{4E4631CA-D87E-4CC8-A792-2F8B6CC731EB}.Debug|Any CPU.ActiveCfg = Debug|Any CPU
		{4E4631CA-D87E-4CC8-A792-2F8B6CC731EB}.Debug|Any CPU.Build.0 = Debug|Any CPU
		{4E4631CA-D87E-4CC8-A792-2F8B6CC731EB}.Release|Any CPU.ActiveCfg = Release|Any CPU
		{4E4631CA-D87E-4CC8-A792-2F8B6CC731EB}.Release|Any CPU.Build.0 = Release|Any CPU
		{BF245EC2-8BFD-40DE-AB49-99D384EB65CE}.Debug|Any CPU.ActiveCfg = Debug|Any CPU
		{BF245EC2-8BFD-40DE-AB49-99D384EB65CE}.Debug|Any CPU.Build.0 = Debug|Any CPU
		{BF245EC2-8BFD-40DE-AB49-99D384EB65CE}.Release|Any CPU.ActiveCfg = Release|Any CPU
		{BF245EC2-8BFD-40DE-AB49-99D384EB65CE}.Release|Any CPU.Build.0 = Release|Any CPU
		{E0AE76B8-889D-41B4-89B0-01EE91870983}.Debug|Any CPU.ActiveCfg = Debug|Any CPU
		{E0AE76B8-889D-41B4-89B0-01EE91870983}.Debug|Any CPU.Build.0 = Debug|Any CPU
		{E0AE76B8-889D-41B4-89B0-01EE91870983}.Release|Any CPU.ActiveCfg = Release|Any CPU
		{E0AE76B8-889D-41B4-89B0-01EE91870983}.Release|Any CPU.Build.0 = Release|Any CPU
		{D5E321B3-6524-483A-AB21-8F78B030C51D}.Debug|Any CPU.ActiveCfg = Debug|Any CPU
		{D5E321B3-6524-483A-AB21-8F78B030C51D}.Debug|Any CPU.Build.0 = Debug|Any CPU
		{D5E321B3-6524-483A-AB21-8F78B030C51D}.Release|Any CPU.ActiveCfg = Release|Any CPU
		{D5E321B3-6524-483A-AB21-8F78B030C51D}.Release|Any CPU.Build.0 = Release|Any CPU
		{7B8C745F-AA50-400A-99B3-BD483AC4460C}.Debug|Any CPU.ActiveCfg = Debug|Any CPU
		{7B8C745F-AA50-400A-99B3-BD483AC4460C}.Debug|Any CPU.Build.0 = Debug|Any CPU
		{7B8C745F-AA50-400A-99B3-BD483AC4460C}.Release|Any CPU.ActiveCfg = Release|Any CPU
		{7B8C745F-AA50-400A-99B3-BD483AC4460C}.Release|Any CPU.Build.0 = Release|Any CPU
		{30BA9323-B5AE-4385-9F04-9C5C9D514386}.Debug|Any CPU.ActiveCfg = Debug|Any CPU
		{30BA9323-B5AE-4385-9F04-9C5C9D514386}.Debug|Any CPU.Build.0 = Debug|Any CPU
		{30BA9323-B5AE-4385-9F04-9C5C9D514386}.Release|Any CPU.ActiveCfg = Release|Any CPU
		{30BA9323-B5AE-4385-9F04-9C5C9D514386}.Release|Any CPU.Build.0 = Release|Any CPU
		{FB723248-5C90-4934-A9DF-A92336180CDB}.Debug|Any CPU.ActiveCfg = Debug|Any CPU
		{FB723248-5C90-4934-A9DF-A92336180CDB}.Debug|Any CPU.Build.0 = Debug|Any CPU
		{FB723248-5C90-4934-A9DF-A92336180CDB}.Release|Any CPU.ActiveCfg = Release|Any CPU
		{FB723248-5C90-4934-A9DF-A92336180CDB}.Release|Any CPU.Build.0 = Release|Any CPU
	EndGlobalSection
	GlobalSection(SolutionProperties) = preSolution
		HideSolutionNode = FALSE
	EndGlobalSection
EndGlobal
